// !$*UTF8*$!
{
	archiveVersion = 1;
	classes = {
	};
	objectVersion = 56;
	objects = {

/* Begin PBXBuildFile section */
		E52E12BC2B04B17200B2D9E0 /* SiriDemoApp.swift in Sources */ = {isa = PBXBuildFile; fileRef = E52E12BB2B04B17200B2D9E0 /* SiriDemoApp.swift */; };
		E52E12BE2B04B17200B2D9E0 /* ContentView.swift in Sources */ = {isa = PBXBuildFile; fileRef = E52E12BD2B04B17200B2D9E0 /* ContentView.swift */; };
		E52E12C02B04B17400B2D9E0 /* Assets.xcassets in Resources */ = {isa = PBXBuildFile; fileRef = E52E12BF2B04B17400B2D9E0 /* Assets.xcassets */; };
		E52E12C32B04B17400B2D9E0 /* Preview Assets.xcassets in Resources */ = {isa = PBXBuildFile; fileRef = E52E12C22B04B17400B2D9E0 /* Preview Assets.xcassets */; };
		E52E12D12B04B21400B2D9E0 /* Intents.framework in Frameworks */ = {isa = PBXBuildFile; fileRef = E52E12D02B04B21400B2D9E0 /* Intents.framework */; };
		E52E12D42B04B21400B2D9E0 /* IntentHandler.swift in Sources */ = {isa = PBXBuildFile; fileRef = E52E12D32B04B21400B2D9E0 /* IntentHandler.swift */; };
		E52E12DC2B04B21400B2D9E0 /* IntentsUI.framework in Frameworks */ = {isa = PBXBuildFile; fileRef = E52E12DB2B04B21400B2D9E0 /* IntentsUI.framework */; };
		E52E12DF2B04B21400B2D9E0 /* IntentViewController.swift in Sources */ = {isa = PBXBuildFile; fileRef = E52E12DE2B04B21400B2D9E0 /* IntentViewController.swift */; };
		E52E12E22B04B21400B2D9E0 /* MainInterface.storyboard in Resources */ = {isa = PBXBuildFile; fileRef = E52E12E02B04B21400B2D9E0 /* MainInterface.storyboard */; };
		E52E12E62B04B21400B2D9E0 /* SiriDemoIntentUI.appex in Embed Foundation Extensions */ = {isa = PBXBuildFile; fileRef = E52E12DA2B04B21400B2D9E0 /* SiriDemoIntentUI.appex */; settings = {ATTRIBUTES = (RemoveHeadersOnCopy, ); }; };
		E52E12E92B04B21500B2D9E0 /* SiriDemoIntent.appex in Embed Foundation Extensions */ = {isa = PBXBuildFile; fileRef = E52E12CE2B04B21400B2D9E0 /* SiriDemoIntent.appex */; settings = {ATTRIBUTES = (RemoveHeadersOnCopy, ); }; };
/* End PBXBuildFile section */

/* Begin PBXContainerItemProxy section */
		E52E12E42B04B21400B2D9E0 /* PBXContainerItemProxy */ = {
			isa = PBXContainerItemProxy;
			containerPortal = E52E12B02B04B17200B2D9E0 /* Project object */;
			proxyType = 1;
			remoteGlobalIDString = E52E12D92B04B21400B2D9E0;
			remoteInfo = SiriDemoIntentUI;
		};
		E52E12E72B04B21500B2D9E0 /* PBXContainerItemProxy */ = {
			isa = PBXContainerItemProxy;
			containerPortal = E52E12B02B04B17200B2D9E0 /* Project object */;
			proxyType = 1;
			remoteGlobalIDString = E52E12CD2B04B21400B2D9E0;
			remoteInfo = SiriDemoIntent;
		};
/* End PBXContainerItemProxy section */

/* Begin PBXCopyFilesBuildPhase section */
		E52E12F02B04B21500B2D9E0 /* Embed Foundation Extensions */ = {
			isa = PBXCopyFilesBuildPhase;
			buildActionMask = 2147483647;
			dstPath = "";
			dstSubfolderSpec = 13;
			files = (
				E52E12E92B04B21500B2D9E0 /* SiriDemoIntent.appex in Embed Foundation Extensions */,
				E52E12E62B04B21400B2D9E0 /* SiriDemoIntentUI.appex in Embed Foundation Extensions */,
			);
			name = "Embed Foundation Extensions";
			runOnlyForDeploymentPostprocessing = 0;
		};
/* End PBXCopyFilesBuildPhase section */

/* Begin PBXFileReference section */
		E52E12B82B04B17200B2D9E0 /* SiriDemo.app */ = {isa = PBXFileReference; explicitFileType = wrapper.application; includeInIndex = 0; path = SiriDemo.app; sourceTree = BUILT_PRODUCTS_DIR; };
		E52E12BB2B04B17200B2D9E0 /* SiriDemoApp.swift */ = {isa = PBXFileReference; lastKnownFileType = sourcecode.swift; path = SiriDemoApp.swift; sourceTree = "<group>"; };
		E52E12BD2B04B17200B2D9E0 /* ContentView.swift */ = {isa = PBXFileReference; lastKnownFileType = sourcecode.swift; path = ContentView.swift; sourceTree = "<group>"; };
		E52E12BF2B04B17400B2D9E0 /* Assets.xcassets */ = {isa = PBXFileReference; lastKnownFileType = folder.assetcatalog; path = Assets.xcassets; sourceTree = "<group>"; };
		E52E12C22B04B17400B2D9E0 /* Preview Assets.xcassets */ = {isa = PBXFileReference; lastKnownFileType = folder.assetcatalog; path = "Preview Assets.xcassets"; sourceTree = "<group>"; };
		E52E12C92B04B18100B2D9E0 /* SiriDemo.entitlements */ = {isa = PBXFileReference; lastKnownFileType = text.plist.entitlements; path = SiriDemo.entitlements; sourceTree = "<group>"; };
		E52E12CE2B04B21400B2D9E0 /* SiriDemoIntent.appex */ = {isa = PBXFileReference; explicitFileType = "wrapper.app-extension"; includeInIndex = 0; path = SiriDemoIntent.appex; sourceTree = BUILT_PRODUCTS_DIR; };
		E52E12D02B04B21400B2D9E0 /* Intents.framework */ = {isa = PBXFileReference; lastKnownFileType = wrapper.framework; name = Intents.framework; path = System/Library/Frameworks/Intents.framework; sourceTree = SDKROOT; };
		E52E12D32B04B21400B2D9E0 /* IntentHandler.swift */ = {isa = PBXFileReference; lastKnownFileType = sourcecode.swift; path = IntentHandler.swift; sourceTree = "<group>"; };
		E52E12D52B04B21400B2D9E0 /* Info.plist */ = {isa = PBXFileReference; lastKnownFileType = text.plist.xml; path = Info.plist; sourceTree = "<group>"; };
		E52E12DA2B04B21400B2D9E0 /* SiriDemoIntentUI.appex */ = {isa = PBXFileReference; explicitFileType = "wrapper.app-extension"; includeInIndex = 0; path = SiriDemoIntentUI.appex; sourceTree = BUILT_PRODUCTS_DIR; };
		E52E12DB2B04B21400B2D9E0 /* IntentsUI.framework */ = {isa = PBXFileReference; lastKnownFileType = wrapper.framework; name = IntentsUI.framework; path = System/Library/Frameworks/IntentsUI.framework; sourceTree = SDKROOT; };
		E52E12DE2B04B21400B2D9E0 /* IntentViewController.swift */ = {isa = PBXFileReference; lastKnownFileType = sourcecode.swift; path = IntentViewController.swift; sourceTree = "<group>"; };
		E52E12E12B04B21400B2D9E0 /* Base */ = {isa = PBXFileReference; lastKnownFileType = file.storyboard; name = Base; path = Base.lproj/MainInterface.storyboard; sourceTree = "<group>"; };
		E52E12E32B04B21400B2D9E0 /* Info.plist */ = {isa = PBXFileReference; lastKnownFileType = text.plist.xml; path = Info.plist; sourceTree = "<group>"; };
		E52E12F12B04B2D100B2D9E0 /* SiriDemoIntent.entitlements */ = {isa = PBXFileReference; lastKnownFileType = text.plist.entitlements; path = SiriDemoIntent.entitlements; sourceTree = "<group>"; };
/* End PBXFileReference section */

/* Begin PBXFrameworksBuildPhase section */
		E52E12B52B04B17200B2D9E0 /* Frameworks */ = {
			isa = PBXFrameworksBuildPhase;
			buildActionMask = 2147483647;
			files = (
			);
			runOnlyForDeploymentPostprocessing = 0;
		};
		E52E12CB2B04B21400B2D9E0 /* Frameworks */ = {
			isa = PBXFrameworksBuildPhase;
			buildActionMask = 2147483647;
			files = (
				E52E12D12B04B21400B2D9E0 /* Intents.framework in Frameworks */,
			);
			runOnlyForDeploymentPostprocessing = 0;
		};
		E52E12D72B04B21400B2D9E0 /* Frameworks */ = {
			isa = PBXFrameworksBuildPhase;
			buildActionMask = 2147483647;
			files = (
				E52E12DC2B04B21400B2D9E0 /* IntentsUI.framework in Frameworks */,
			);
			runOnlyForDeploymentPostprocessing = 0;
		};
/* End PBXFrameworksBuildPhase section */

/* Begin PBXGroup section */
		E52E12AF2B04B17200B2D9E0 = {
			isa = PBXGroup;
			children = (
				E52E12BA2B04B17200B2D9E0 /* SiriDemo */,
				E52E12D22B04B21400B2D9E0 /* SiriDemoIntent */,
				E52E12DD2B04B21400B2D9E0 /* SiriDemoIntentUI */,
				E52E12CF2B04B21400B2D9E0 /* Frameworks */,
				E52E12B92B04B17200B2D9E0 /* Products */,
			);
			sourceTree = "<group>";
		};
		E52E12B92B04B17200B2D9E0 /* Products */ = {
			isa = PBXGroup;
			children = (
				E52E12B82B04B17200B2D9E0 /* SiriDemo.app */,
				E52E12CE2B04B21400B2D9E0 /* SiriDemoIntent.appex */,
				E52E12DA2B04B21400B2D9E0 /* SiriDemoIntentUI.appex */,
			);
			name = Products;
			sourceTree = "<group>";
		};
		E52E12BA2B04B17200B2D9E0 /* SiriDemo */ = {
			isa = PBXGroup;
			children = (
				E52E12C92B04B18100B2D9E0 /* SiriDemo.entitlements */,
				E52E12BB2B04B17200B2D9E0 /* SiriDemoApp.swift */,
				E52E12BD2B04B17200B2D9E0 /* ContentView.swift */,
				E52E12BF2B04B17400B2D9E0 /* Assets.xcassets */,
				E52E12C12B04B17400B2D9E0 /* Preview Content */,
			);
			path = SiriDemo;
			sourceTree = "<group>";
		};
		E52E12C12B04B17400B2D9E0 /* Preview Content */ = {
			isa = PBXGroup;
			children = (
				E52E12C22B04B17400B2D9E0 /* Preview Assets.xcassets */,
			);
			path = "Preview Content";
			sourceTree = "<group>";
		};
		E52E12CF2B04B21400B2D9E0 /* Frameworks */ = {
			isa = PBXGroup;
			children = (
				E52E12D02B04B21400B2D9E0 /* Intents.framework */,
				E52E12DB2B04B21400B2D9E0 /* IntentsUI.framework */,
			);
			name = Frameworks;
			sourceTree = "<group>";
		};
		E52E12D22B04B21400B2D9E0 /* SiriDemoIntent */ = {
			isa = PBXGroup;
			children = (
				E52E12F12B04B2D100B2D9E0 /* SiriDemoIntent.entitlements */,
				E52E12D32B04B21400B2D9E0 /* IntentHandler.swift */,
				E52E12D52B04B21400B2D9E0 /* Info.plist */,
			);
			path = SiriDemoIntent;
			sourceTree = "<group>";
		};
		E52E12DD2B04B21400B2D9E0 /* SiriDemoIntentUI */ = {
			isa = PBXGroup;
			children = (
				E52E12DE2B04B21400B2D9E0 /* IntentViewController.swift */,
				E52E12E02B04B21400B2D9E0 /* MainInterface.storyboard */,
				E52E12E32B04B21400B2D9E0 /* Info.plist */,
			);
			path = SiriDemoIntentUI;
			sourceTree = "<group>";
		};
/* End PBXGroup section */

/* Begin PBXNativeTarget section */
		E52E12B72B04B17200B2D9E0 /* SiriDemo */ = {
			isa = PBXNativeTarget;
			buildConfigurationList = E52E12C62B04B17400B2D9E0 /* Build configuration list for PBXNativeTarget "SiriDemo" */;
			buildPhases = (
				E52E12B42B04B17200B2D9E0 /* Sources */,
				E52E12B52B04B17200B2D9E0 /* Frameworks */,
				E52E12B62B04B17200B2D9E0 /* Resources */,
				E52E12F02B04B21500B2D9E0 /* Embed Foundation Extensions */,
			);
			buildRules = (
			);
			dependencies = (
				E52E12E52B04B21400B2D9E0 /* PBXTargetDependency */,
				E52E12E82B04B21500B2D9E0 /* PBXTargetDependency */,
			);
			name = SiriDemo;
			productName = SiriDemo;
			productReference = E52E12B82B04B17200B2D9E0 /* SiriDemo.app */;
			productType = "com.apple.product-type.application";
		};
		E52E12CD2B04B21400B2D9E0 /* SiriDemoIntent */ = {
			isa = PBXNativeTarget;
			buildConfigurationList = E52E12ED2B04B21500B2D9E0 /* Build configuration list for PBXNativeTarget "SiriDemoIntent" */;
			buildPhases = (
				E52E12CA2B04B21400B2D9E0 /* Sources */,
				E52E12CB2B04B21400B2D9E0 /* Frameworks */,
				E52E12CC2B04B21400B2D9E0 /* Resources */,
			);
			buildRules = (
			);
			dependencies = (
			);
			name = SiriDemoIntent;
			productName = SiriDemoIntent;
			productReference = E52E12CE2B04B21400B2D9E0 /* SiriDemoIntent.appex */;
			productType = "com.apple.product-type.app-extension";
		};
		E52E12D92B04B21400B2D9E0 /* SiriDemoIntentUI */ = {
			isa = PBXNativeTarget;
			buildConfigurationList = E52E12EA2B04B21500B2D9E0 /* Build configuration list for PBXNativeTarget "SiriDemoIntentUI" */;
			buildPhases = (
				E52E12D62B04B21400B2D9E0 /* Sources */,
				E52E12D72B04B21400B2D9E0 /* Frameworks */,
				E52E12D82B04B21400B2D9E0 /* Resources */,
			);
			buildRules = (
			);
			dependencies = (
			);
			name = SiriDemoIntentUI;
			productName = SiriDemoIntentUI;
			productReference = E52E12DA2B04B21400B2D9E0 /* SiriDemoIntentUI.appex */;
			productType = "com.apple.product-type.app-extension";
		};
/* End PBXNativeTarget section */

/* Begin PBXProject section */
		E52E12B02B04B17200B2D9E0 /* Project object */ = {
			isa = PBXProject;
			attributes = {
				BuildIndependentTargetsInParallel = 1;
				LastSwiftUpdateCheck = 1500;
				LastUpgradeCheck = 1500;
				TargetAttributes = {
					E52E12B72B04B17200B2D9E0 = {
						CreatedOnToolsVersion = 15.0.1;
					};
					E52E12CD2B04B21400B2D9E0 = {
						CreatedOnToolsVersion = 15.0.1;
					};
					E52E12D92B04B21400B2D9E0 = {
						CreatedOnToolsVersion = 15.0.1;
					};
				};
			};
			buildConfigurationList = E52E12B32B04B17200B2D9E0 /* Build configuration list for PBXProject "SiriDemo" */;
			compatibilityVersion = "Xcode 14.0";
			developmentRegion = en;
			hasScannedForEncodings = 0;
			knownRegions = (
				en,
				Base,
			);
			mainGroup = E52E12AF2B04B17200B2D9E0;
			productRefGroup = E52E12B92B04B17200B2D9E0 /* Products */;
			projectDirPath = "";
			projectRoot = "";
			targets = (
				E52E12B72B04B17200B2D9E0 /* SiriDemo */,
				E52E12CD2B04B21400B2D9E0 /* SiriDemoIntent */,
				E52E12D92B04B21400B2D9E0 /* SiriDemoIntentUI */,
			);
		};
/* End PBXProject section */

/* Begin PBXResourcesBuildPhase section */
		E52E12B62B04B17200B2D9E0 /* Resources */ = {
			isa = PBXResourcesBuildPhase;
			buildActionMask = 2147483647;
			files = (
				E52E12C32B04B17400B2D9E0 /* Preview Assets.xcassets in Resources */,
				E52E12C02B04B17400B2D9E0 /* Assets.xcassets in Resources */,
			);
			runOnlyForDeploymentPostprocessing = 0;
		};
		E52E12CC2B04B21400B2D9E0 /* Resources */ = {
			isa = PBXResourcesBuildPhase;
			buildActionMask = 2147483647;
			files = (
			);
			runOnlyForDeploymentPostprocessing = 0;
		};
		E52E12D82B04B21400B2D9E0 /* Resources */ = {
			isa = PBXResourcesBuildPhase;
			buildActionMask = 2147483647;
			files = (
				E52E12E22B04B21400B2D9E0 /* MainInterface.storyboard in Resources */,
			);
			runOnlyForDeploymentPostprocessing = 0;
		};
/* End PBXResourcesBuildPhase section */

/* Begin PBXSourcesBuildPhase section */
		E52E12B42B04B17200B2D9E0 /* Sources */ = {
			isa = PBXSourcesBuildPhase;
			buildActionMask = 2147483647;
			files = (
				E52E12BE2B04B17200B2D9E0 /* ContentView.swift in Sources */,
				E52E12BC2B04B17200B2D9E0 /* SiriDemoApp.swift in Sources */,
			);
			runOnlyForDeploymentPostprocessing = 0;
		};
		E52E12CA2B04B21400B2D9E0 /* Sources */ = {
			isa = PBXSourcesBuildPhase;
			buildActionMask = 2147483647;
			files = (
				E52E12D42B04B21400B2D9E0 /* IntentHandler.swift in Sources */,
			);
			runOnlyForDeploymentPostprocessing = 0;
		};
		E52E12D62B04B21400B2D9E0 /* Sources */ = {
			isa = PBXSourcesBuildPhase;
			buildActionMask = 2147483647;
			files = (
				E52E12DF2B04B21400B2D9E0 /* IntentViewController.swift in Sources */,
			);
			runOnlyForDeploymentPostprocessing = 0;
		};
/* End PBXSourcesBuildPhase section */

/* Begin PBXTargetDependency section */
		E52E12E52B04B21400B2D9E0 /* PBXTargetDependency */ = {
			isa = PBXTargetDependency;
			target = E52E12D92B04B21400B2D9E0 /* SiriDemoIntentUI */;
			targetProxy = E52E12E42B04B21400B2D9E0 /* PBXContainerItemProxy */;
		};
		E52E12E82B04B21500B2D9E0 /* PBXTargetDependency */ = {
			isa = PBXTargetDependency;
			target = E52E12CD2B04B21400B2D9E0 /* SiriDemoIntent */;
			targetProxy = E52E12E72B04B21500B2D9E0 /* PBXContainerItemProxy */;
		};
/* End PBXTargetDependency section */

/* Begin PBXVariantGroup section */
		E52E12E02B04B21400B2D9E0 /* MainInterface.storyboard */ = {
			isa = PBXVariantGroup;
			children = (
				E52E12E12B04B21400B2D9E0 /* Base */,
			);
			name = MainInterface.storyboard;
			sourceTree = "<group>";
		};
/* End PBXVariantGroup section */

/* Begin XCBuildConfiguration section */
		E52E12C42B04B17400B2D9E0 /* Debug */ = {
			isa = XCBuildConfiguration;
			buildSettings = {
				ALWAYS_SEARCH_USER_PATHS = NO;
				ASSETCATALOG_COMPILER_GENERATE_SWIFT_ASSET_SYMBOL_EXTENSIONS = YES;
				CLANG_ANALYZER_NONNULL = YES;
				CLANG_ANALYZER_NUMBER_OBJECT_CONVERSION = YES_AGGRESSIVE;
				CLANG_CXX_LANGUAGE_STANDARD = "gnu++20";
				CLANG_ENABLE_MODULES = YES;
				CLANG_ENABLE_OBJC_ARC = YES;
				CLANG_ENABLE_OBJC_WEAK = YES;
				CLANG_WARN_BLOCK_CAPTURE_AUTORELEASING = YES;
				CLANG_WARN_BOOL_CONVERSION = YES;
				CLANG_WARN_COMMA = YES;
				CLANG_WARN_CONSTANT_CONVERSION = YES;
				CLANG_WARN_DEPRECATED_OBJC_IMPLEMENTATIONS = YES;
				CLANG_WARN_DIRECT_OBJC_ISA_USAGE = YES_ERROR;
				CLANG_WARN_DOCUMENTATION_COMMENTS = YES;
				CLANG_WARN_EMPTY_BODY = YES;
				CLANG_WARN_ENUM_CONVERSION = YES;
				CLANG_WARN_INFINITE_RECURSION = YES;
				CLANG_WARN_INT_CONVERSION = YES;
				CLANG_WARN_NON_LITERAL_NULL_CONVERSION = YES;
				CLANG_WARN_OBJC_IMPLICIT_RETAIN_SELF = YES;
				CLANG_WARN_OBJC_LITERAL_CONVERSION = YES;
				CLANG_WARN_OBJC_ROOT_CLASS = YES_ERROR;
				CLANG_WARN_QUOTED_INCLUDE_IN_FRAMEWORK_HEADER = YES;
				CLANG_WARN_RANGE_LOOP_ANALYSIS = YES;
				CLANG_WARN_STRICT_PROTOTYPES = YES;
				CLANG_WARN_SUSPICIOUS_MOVE = YES;
				CLANG_WARN_UNGUARDED_AVAILABILITY = YES_AGGRESSIVE;
				CLANG_WARN_UNREACHABLE_CODE = YES;
				CLANG_WARN__DUPLICATE_METHOD_MATCH = YES;
				COPY_PHASE_STRIP = NO;
				DEBUG_INFORMATION_FORMAT = dwarf;
				ENABLE_STRICT_OBJC_MSGSEND = YES;
				ENABLE_TESTABILITY = YES;
				ENABLE_USER_SCRIPT_SANDBOXING = YES;
				GCC_C_LANGUAGE_STANDARD = gnu17;
				GCC_DYNAMIC_NO_PIC = NO;
				GCC_NO_COMMON_BLOCKS = YES;
				GCC_OPTIMIZATION_LEVEL = 0;
				GCC_PREPROCESSOR_DEFINITIONS = (
					"DEBUG=1",
					"$(inherited)",
				);
				GCC_WARN_64_TO_32_BIT_CONVERSION = YES;
				GCC_WARN_ABOUT_RETURN_TYPE = YES_ERROR;
				GCC_WARN_UNDECLARED_SELECTOR = YES;
				GCC_WARN_UNINITIALIZED_AUTOS = YES_AGGRESSIVE;
				GCC_WARN_UNUSED_FUNCTION = YES;
				GCC_WARN_UNUSED_VARIABLE = YES;
				IPHONEOS_DEPLOYMENT_TARGET = 17.0;
				LOCALIZATION_PREFERS_STRING_CATALOGS = YES;
				MTL_ENABLE_DEBUG_INFO = INCLUDE_SOURCE;
				MTL_FAST_MATH = YES;
				ONLY_ACTIVE_ARCH = YES;
				SDKROOT = iphoneos;
				SWIFT_ACTIVE_COMPILATION_CONDITIONS = "DEBUG $(inherited)";
				SWIFT_OPTIMIZATION_LEVEL = "-Onone";
			};
			name = Debug;
		};
		E52E12C52B04B17400B2D9E0 /* Release */ = {
			isa = XCBuildConfiguration;
			buildSettings = {
				ALWAYS_SEARCH_USER_PATHS = NO;
				ASSETCATALOG_COMPILER_GENERATE_SWIFT_ASSET_SYMBOL_EXTENSIONS = YES;
				CLANG_ANALYZER_NONNULL = YES;
				CLANG_ANALYZER_NUMBER_OBJECT_CONVERSION = YES_AGGRESSIVE;
				CLANG_CXX_LANGUAGE_STANDARD = "gnu++20";
				CLANG_ENABLE_MODULES = YES;
				CLANG_ENABLE_OBJC_ARC = YES;
				CLANG_ENABLE_OBJC_WEAK = YES;
				CLANG_WARN_BLOCK_CAPTURE_AUTORELEASING = YES;
				CLANG_WARN_BOOL_CONVERSION = YES;
				CLANG_WARN_COMMA = YES;
				CLANG_WARN_CONSTANT_CONVERSION = YES;
				CLANG_WARN_DEPRECATED_OBJC_IMPLEMENTATIONS = YES;
				CLANG_WARN_DIRECT_OBJC_ISA_USAGE = YES_ERROR;
				CLANG_WARN_DOCUMENTATION_COMMENTS = YES;
				CLANG_WARN_EMPTY_BODY = YES;
				CLANG_WARN_ENUM_CONVERSION = YES;
				CLANG_WARN_INFINITE_RECURSION = YES;
				CLANG_WARN_INT_CONVERSION = YES;
				CLANG_WARN_NON_LITERAL_NULL_CONVERSION = YES;
				CLANG_WARN_OBJC_IMPLICIT_RETAIN_SELF = YES;
				CLANG_WARN_OBJC_LITERAL_CONVERSION = YES;
				CLANG_WARN_OBJC_ROOT_CLASS = YES_ERROR;
				CLANG_WARN_QUOTED_INCLUDE_IN_FRAMEWORK_HEADER = YES;
				CLANG_WARN_RANGE_LOOP_ANALYSIS = YES;
				CLANG_WARN_STRICT_PROTOTYPES = YES;
				CLANG_WARN_SUSPICIOUS_MOVE = YES;
				CLANG_WARN_UNGUARDED_AVAILABILITY = YES_AGGRESSIVE;
				CLANG_WARN_UNREACHABLE_CODE = YES;
				CLANG_WARN__DUPLICATE_METHOD_MATCH = YES;
				COPY_PHASE_STRIP = NO;
				DEBUG_INFORMATION_FORMAT = "dwarf-with-dsym";
				ENABLE_NS_ASSERTIONS = NO;
				ENABLE_STRICT_OBJC_MSGSEND = YES;
				ENABLE_USER_SCRIPT_SANDBOXING = YES;
				GCC_C_LANGUAGE_STANDARD = gnu17;
				GCC_NO_COMMON_BLOCKS = YES;
				GCC_WARN_64_TO_32_BIT_CONVERSION = YES;
				GCC_WARN_ABOUT_RETURN_TYPE = YES_ERROR;
				GCC_WARN_UNDECLARED_SELECTOR = YES;
				GCC_WARN_UNINITIALIZED_AUTOS = YES_AGGRESSIVE;
				GCC_WARN_UNUSED_FUNCTION = YES;
				GCC_WARN_UNUSED_VARIABLE = YES;
				IPHONEOS_DEPLOYMENT_TARGET = 17.0;
				LOCALIZATION_PREFERS_STRING_CATALOGS = YES;
				MTL_ENABLE_DEBUG_INFO = NO;
				MTL_FAST_MATH = YES;
				SDKROOT = iphoneos;
				SWIFT_COMPILATION_MODE = wholemodule;
				VALIDATE_PRODUCT = YES;
			};
			name = Release;
		};
		E52E12C72B04B17400B2D9E0 /* Debug */ = {
			isa = XCBuildConfiguration;
			buildSettings = {
				ALWAYS_EMBED_SWIFT_STANDARD_LIBRARIES = YES;
				ASSETCATALOG_COMPILER_APPICON_NAME = AppIcon;
				ASSETCATALOG_COMPILER_GLOBAL_ACCENT_COLOR_NAME = AccentColor;
				CODE_SIGN_ENTITLEMENTS = SiriDemo/SiriDemo.entitlements;
				CODE_SIGN_STYLE = Automatic;
				CURRENT_PROJECT_VERSION = 1;
				DEVELOPMENT_ASSET_PATHS = "\"SiriDemo/Preview Content\"";
				DEVELOPMENT_TEAM = QR583T767F;
				ENABLE_PREVIEWS = YES;
				GENERATE_INFOPLIST_FILE = YES;
				INFOPLIST_KEY_UIApplicationSceneManifest_Generation = YES;
				INFOPLIST_KEY_UIApplicationSupportsIndirectInputEvents = YES;
				INFOPLIST_KEY_UILaunchScreen_Generation = YES;
				INFOPLIST_KEY_UISupportedInterfaceOrientations_iPad = "UIInterfaceOrientationPortrait UIInterfaceOrientationPortraitUpsideDown UIInterfaceOrientationLandscapeLeft UIInterfaceOrientationLandscapeRight";
				INFOPLIST_KEY_UISupportedInterfaceOrientations_iPhone = "UIInterfaceOrientationPortrait UIInterfaceOrientationLandscapeLeft UIInterfaceOrientationLandscapeRight";
				LD_RUNPATH_SEARCH_PATHS = (
					"$(inherited)",
					"@executable_path/Frameworks",
				);
				MARKETING_VERSION = 1.0;
				PRODUCT_BUNDLE_IDENTIFIER = com.fadeldev.SiriDemo;
				PRODUCT_NAME = "$(TARGET_NAME)";
				SWIFT_EMIT_LOC_STRINGS = YES;
				SWIFT_VERSION = 5.0;
				TARGETED_DEVICE_FAMILY = "1,2";
			};
			name = Debug;
		};
		E52E12C82B04B17400B2D9E0 /* Release */ = {
			isa = XCBuildConfiguration;
			buildSettings = {
				ALWAYS_EMBED_SWIFT_STANDARD_LIBRARIES = YES;
				ASSETCATALOG_COMPILER_APPICON_NAME = AppIcon;
				ASSETCATALOG_COMPILER_GLOBAL_ACCENT_COLOR_NAME = AccentColor;
				CODE_SIGN_ENTITLEMENTS = SiriDemo/SiriDemo.entitlements;
				CODE_SIGN_STYLE = Automatic;
				CURRENT_PROJECT_VERSION = 1;
				DEVELOPMENT_ASSET_PATHS = "\"SiriDemo/Preview Content\"";
				DEVELOPMENT_TEAM = QR583T767F;
				ENABLE_PREVIEWS = YES;
				GENERATE_INFOPLIST_FILE = YES;
				INFOPLIST_KEY_UIApplicationSceneManifest_Generation = YES;
				INFOPLIST_KEY_UIApplicationSupportsIndirectInputEvents = YES;
				INFOPLIST_KEY_UILaunchScreen_Generation = YES;
				INFOPLIST_KEY_UISupportedInterfaceOrientations_iPad = "UIInterfaceOrientationPortrait UIInterfaceOrientationPortraitUpsideDown UIInterfaceOrientationLandscapeLeft UIInterfaceOrientationLandscapeRight";
				INFOPLIST_KEY_UISupportedInterfaceOrientations_iPhone = "UIInterfaceOrientationPortrait UIInterfaceOrientationLandscapeLeft UIInterfaceOrientationLandscapeRight";
				LD_RUNPATH_SEARCH_PATHS = (
					"$(inherited)",
					"@executable_path/Frameworks",
				);
				MARKETING_VERSION = 1.0;
				PRODUCT_BUNDLE_IDENTIFIER = com.fadeldev.SiriDemo;
				PRODUCT_NAME = "$(TARGET_NAME)";
				SWIFT_EMIT_LOC_STRINGS = YES;
				SWIFT_VERSION = 5.0;
				TARGETED_DEVICE_FAMILY = "1,2";
			};
			name = Release;
		};
		E52E12EB2B04B21500B2D9E0 /* Debug */ = {
			isa = XCBuildConfiguration;
			buildSettings = {
				CODE_SIGN_STYLE = Automatic;
				CURRENT_PROJECT_VERSION = 1;
				DEVELOPMENT_TEAM = QR583T767F;
				GENERATE_INFOPLIST_FILE = YES;
				INFOPLIST_FILE = SiriDemoIntentUI/Info.plist;
				INFOPLIST_KEY_CFBundleDisplayName = SiriDemoIntentUI;
				INFOPLIST_KEY_NSHumanReadableCopyright = "";
				LD_RUNPATH_SEARCH_PATHS = (
					"$(inherited)",
					"@executable_path/Frameworks",
					"@executable_path/../../Frameworks",
				);
				MARKETING_VERSION = 1.0;
				PRODUCT_BUNDLE_IDENTIFIER = com.fadeldev.SiriDemo.SiriDemoIntentUI;
				PRODUCT_NAME = "$(TARGET_NAME)";
				SKIP_INSTALL = YES;
				SWIFT_EMIT_LOC_STRINGS = YES;
				SWIFT_VERSION = 5.0;
				TARGETED_DEVICE_FAMILY = "1,2";
			};
			name = Debug;
		};
		E52E12EC2B04B21500B2D9E0 /* Release */ = {
			isa = XCBuildConfiguration;
			buildSettings = {
				CODE_SIGN_STYLE = Automatic;
				CURRENT_PROJECT_VERSION = 1;
				DEVELOPMENT_TEAM = QR583T767F;
				GENERATE_INFOPLIST_FILE = YES;
				INFOPLIST_FILE = SiriDemoIntentUI/Info.plist;
				INFOPLIST_KEY_CFBundleDisplayName = SiriDemoIntentUI;
				INFOPLIST_KEY_NSHumanReadableCopyright = "";
				LD_RUNPATH_SEARCH_PATHS = (
					"$(inherited)",
					"@executable_path/Frameworks",
					"@executable_path/../../Frameworks",
				);
				MARKETING_VERSION = 1.0;
				PRODUCT_BUNDLE_IDENTIFIER = com.fadeldev.SiriDemo.SiriDemoIntentUI;
				PRODUCT_NAME = "$(TARGET_NAME)";
				SKIP_INSTALL = YES;
				SWIFT_EMIT_LOC_STRINGS = YES;
				SWIFT_VERSION = 5.0;
				TARGETED_DEVICE_FAMILY = "1,2";
			};
			name = Release;
		};
		E52E12EE2B04B21500B2D9E0 /* Debug */ = {
			isa = XCBuildConfiguration;
			buildSettings = {
				CODE_SIGN_ENTITLEMENTS = SiriDemoIntent/SiriDemoIntent.entitlements;
				CODE_SIGN_STYLE = Automatic;
				CURRENT_PROJECT_VERSION = 1;
				DEVELOPMENT_TEAM = QR583T767F;
				GENERATE_INFOPLIST_FILE = YES;
				INFOPLIST_FILE = SiriDemoIntent/Info.plist;
				INFOPLIST_KEY_CFBundleDisplayName = SiriDemoIntent;
				INFOPLIST_KEY_NSHumanReadableCopyright = "";
				LD_RUNPATH_SEARCH_PATHS = (
					"$(inherited)",
					"@executable_path/Frameworks",
					"@executable_path/../../Frameworks",
				);
				MARKETING_VERSION = 1.0;
				PRODUCT_BUNDLE_IDENTIFIER = com.fadeldev.SiriDemo.SiriDemoIntent;
				PRODUCT_NAME = "$(TARGET_NAME)";
				SKIP_INSTALL = YES;
				SWIFT_EMIT_LOC_STRINGS = YES;
				SWIFT_VERSION = 5.0;
				TARGETED_DEVICE_FAMILY = "1,2";
			};
			name = Debug;
		};
		E52E12EF2B04B21500B2D9E0 /* Release */ = {
			isa = XCBuildConfiguration;
			buildSettings = {
				CODE_SIGN_ENTITLEMENTS = SiriDemoIntent/SiriDemoIntent.entitlements;
				CODE_SIGN_STYLE = Automatic;
				CURRENT_PROJECT_VERSION = 1;
				DEVELOPMENT_TEAM = QR583T767F;
				GENERATE_INFOPLIST_FILE = YES;
				INFOPLIST_FILE = SiriDemoIntent/Info.plist;
				INFOPLIST_KEY_CFBundleDisplayName = SiriDemoIntent;
				INFOPLIST_KEY_NSHumanReadableCopyright = "";
				LD_RUNPATH_SEARCH_PATHS = (
					"$(inherited)",
					"@executable_path/Frameworks",
					"@executable_path/../../Frameworks",
				);
				MARKETING_VERSION = 1.0;
				PRODUCT_BUNDLE_IDENTIFIER = com.fadeldev.SiriDemo.SiriDemoIntent;
				PRODUCT_NAME = "$(TARGET_NAME)";
				SKIP_INSTALL = YES;
				SWIFT_EMIT_LOC_STRINGS = YES;
				SWIFT_VERSION = 5.0;
				TARGETED_DEVICE_FAMILY = "1,2";
			};
			name = Release;
		};
/* End XCBuildConfiguration section */

/* Begin XCConfigurationList section */
		E52E12B32B04B17200B2D9E0 /* Build configuration list for PBXProject "SiriDemo" */ = {
			isa = XCConfigurationList;
			buildConfigurations = (
				E52E12C42B04B17400B2D9E0 /* Debug */,
				E52E12C52B04B17400B2D9E0 /* Release */,
			);
			defaultConfigurationIsVisible = 0;
			defaultConfigurationName = Release;
		};
		E52E12C62B04B17400B2D9E0 /* Build configuration list for PBXNativeTarget "SiriDemo" */ = {
			isa = XCConfigurationList;
			buildConfigurations = (
				E52E12C72B04B17400B2D9E0 /* Debug */,
				E52E12C82B04B17400B2D9E0 /* Release */,
			);
			defaultConfigurationIsVisible = 0;
			defaultConfigurationName = Release;
		};
		E52E12EA2B04B21500B2D9E0 /* Build configuration list for PBXNativeTarget "SiriDemoIntentUI" */ = {
			isa = XCConfigurationList;
			buildConfigurations = (
				E52E12EB2B04B21500B2D9E0 /* Debug */,
				E52E12EC2B04B21500B2D9E0 /* Release */,
			);
			defaultConfigurationIsVisible = 0;
			defaultConfigurationName = Release;
		};
		E52E12ED2B04B21500B2D9E0 /* Build configuration list for PBXNativeTarget "SiriDemoIntent" */ = {
			isa = XCConfigurationList;
			buildConfigurations = (
				E52E12EE2B04B21500B2D9E0 /* Debug */,
				E52E12EF2B04B21500B2D9E0 /* Release */,
			);
			defaultConfigurationIsVisible = 0;
			defaultConfigurationName = Release;
		};
/* End XCConfigurationList section */
	};
	rootObject = E52E12B02B04B17200B2D9E0 /* Project object */;
}
