// !$*UTF8*$!
{
	archiveVersion = 1;
	classes = {
	};
	objectVersion = 56;
	objects = {

/* Begin PBXBuildFile section */
		E5ED16712B4D38BD00B90957 /* TempManageListSelectionApp.swift in Sources */ = {isa = PBXBuildFile; fileRef = E5ED16702B4D38BD00B90957 /* TempManageListSelectionApp.swift */; };
		E5ED16732B4D38BD00B90957 /* ContentView.swift in Sources */ = {isa = PBXBuildFile; fileRef = E5ED16722B4D38BD00B90957 /* ContentView.swift */; };
		E5ED16752B4D38BF00B90957 /* Assets.xcassets in Resources */ = {isa = PBXBuildFile; fileRef = E5ED16742B4D38BF00B90957 /* Assets.xcassets */; };
		E5ED16782B4D38BF00B90957 /* Preview Assets.xcassets in Resources */ = {isa = PBXBuildFile; fileRef = E5ED16772B4D38BF00B90957 /* Preview Assets.xcassets */; };
		E5ED167F2B4D390400B90957 /* NetworkingManager.swift in Sources */ = {isa = PBXBuildFile; fileRef = E5ED167E2B4D390400B90957 /* NetworkingManager.swift */; };
		E5ED16812B4D392B00B90957 /* ContentViewModel.swift in Sources */ = {isa = PBXBuildFile; fileRef = E5ED16802B4D392B00B90957 /* ContentViewModel.swift */; };
		E5ED16832B4D3A3700B90957 /* EXView.swift in Sources */ = {isa = PBXBuildFile; fileRef = E5ED16822B4D3A3700B90957 /* EXView.swift */; };
		E5ED16892B4D3BE700B90957 /* SquareModel.swift in Sources */ = {isa = PBXBuildFile; fileRef = E5ED16882B4D3BE700B90957 /* SquareModel.swift */; };
		E5ED168D2B4D44DD00B90957 /* ContentDataService.swift in Sources */ = {isa = PBXBuildFile; fileRef = E5ED168C2B4D44DD00B90957 /* ContentDataService.swift */; };
		E5ED16922B4D479300B90957 /* ListView.swift in Sources */ = {isa = PBXBuildFile; fileRef = E5ED16912B4D479300B90957 /* ListView.swift */; };
		E5ED16942B4D4FF400B90957 /* ListProtocol.swift in Sources */ = {isa = PBXBuildFile; fileRef = E5ED16932B4D4FF400B90957 /* ListProtocol.swift */; };
		E5ED16962B4D502A00B90957 /* MuncipilityModel.swift in Sources */ = {isa = PBXBuildFile; fileRef = E5ED16952B4D502A00B90957 /* MuncipilityModel.swift */; };
/* End PBXBuildFile section */

/* Begin PBXFileReference section */
		E5ED166D2B4D38BD00B90957 /* TempManageListSelection.app */ = {isa = PBXFileReference; explicitFileType = wrapper.application; includeInIndex = 0; path = TempManageListSelection.app; sourceTree = BUILT_PRODUCTS_DIR; };
		E5ED16702B4D38BD00B90957 /* TempManageListSelectionApp.swift */ = {isa = PBXFileReference; lastKnownFileType = sourcecode.swift; path = TempManageListSelectionApp.swift; sourceTree = "<group>"; };
		E5ED16722B4D38BD00B90957 /* ContentView.swift */ = {isa = PBXFileReference; lastKnownFileType = sourcecode.swift; path = ContentView.swift; sourceTree = "<group>"; };
		E5ED16742B4D38BF00B90957 /* Assets.xcassets */ = {isa = PBXFileReference; lastKnownFileType = folder.assetcatalog; path = Assets.xcassets; sourceTree = "<group>"; };
		E5ED16772B4D38BF00B90957 /* Preview Assets.xcassets */ = {isa = PBXFileReference; lastKnownFileType = folder.assetcatalog; path = "Preview Assets.xcassets"; sourceTree = "<group>"; };
		E5ED167E2B4D390400B90957 /* NetworkingManager.swift */ = {isa = PBXFileReference; lastKnownFileType = sourcecode.swift; path = NetworkingManager.swift; sourceTree = "<group>"; };
		E5ED16802B4D392B00B90957 /* ContentViewModel.swift */ = {isa = PBXFileReference; lastKnownFileType = sourcecode.swift; path = ContentViewModel.swift; sourceTree = "<group>"; };
		E5ED16822B4D3A3700B90957 /* EXView.swift */ = {isa = PBXFileReference; lastKnownFileType = sourcecode.swift; path = EXView.swift; sourceTree = "<group>"; };
		E5ED16882B4D3BE700B90957 /* SquareModel.swift */ = {isa = PBXFileReference; lastKnownFileType = sourcecode.swift; path = SquareModel.swift; sourceTree = "<group>"; };
		E5ED168C2B4D44DD00B90957 /* ContentDataService.swift */ = {isa = PBXFileReference; lastKnownFileType = sourcecode.swift; path = ContentDataService.swift; sourceTree = "<group>"; };
		E5ED16912B4D479300B90957 /* ListView.swift */ = {isa = PBXFileReference; lastKnownFileType = sourcecode.swift; path = ListView.swift; sourceTree = "<group>"; };
		E5ED16932B4D4FF400B90957 /* ListProtocol.swift */ = {isa = PBXFileReference; lastKnownFileType = sourcecode.swift; path = ListProtocol.swift; sourceTree = "<group>"; };
		E5ED16952B4D502A00B90957 /* MuncipilityModel.swift */ = {isa = PBXFileReference; lastKnownFileType = sourcecode.swift; path = MuncipilityModel.swift; sourceTree = "<group>"; };
/* End PBXFileReference section */

/* Begin PBXFrameworksBuildPhase section */
		E5ED166A2B4D38BD00B90957 /* Frameworks */ = {
			isa = PBXFrameworksBuildPhase;
			buildActionMask = 2147483647;
			files = (
			);
			runOnlyForDeploymentPostprocessing = 0;
		};
/* End PBXFrameworksBuildPhase section */

/* Begin PBXGroup section */
		E5ED16642B4D38BD00B90957 = {
			isa = PBXGroup;
			children = (
				E5ED166F2B4D38BD00B90957 /* TempManageListSelection */,
				E5ED166E2B4D38BD00B90957 /* Products */,
			);
			sourceTree = "<group>";
		};
		E5ED166E2B4D38BD00B90957 /* Products */ = {
			isa = PBXGroup;
			children = (
				E5ED166D2B4D38BD00B90957 /* TempManageListSelection.app */,
			);
			name = Products;
			sourceTree = "<group>";
		};
		E5ED166F2B4D38BD00B90957 /* TempManageListSelection */ = {
			isa = PBXGroup;
			children = (
				E5ED168B2B4D44CB00B90957 /* Service */,
				E5ED16702B4D38BD00B90957 /* TempManageListSelectionApp.swift */,
				E5ED16822B4D3A3700B90957 /* EXView.swift */,
				E5ED16872B4D3BCD00B90957 /* Model */,
				E5ED16842B4D3BA900B90957 /* Core */,
				E5ED167E2B4D390400B90957 /* NetworkingManager.swift */,
				E5ED16742B4D38BF00B90957 /* Assets.xcassets */,
				E5ED16762B4D38BF00B90957 /* Preview Content */,
			);
			path = TempManageListSelection;
			sourceTree = "<group>";
		};
		E5ED16762B4D38BF00B90957 /* Preview Content */ = {
			isa = PBXGroup;
			children = (
				E5ED16772B4D38BF00B90957 /* Preview Assets.xcassets */,
			);
			path = "Preview Content";
			sourceTree = "<group>";
		};
		E5ED16842B4D3BA900B90957 /* Core */ = {
			isa = PBXGroup;
			children = (
				E5ED168E2B4D477400B90957 /* List */,
				E5ED16862B4D3BBC00B90957 /* ViewModel */,
				E5ED16852B4D3BB600B90957 /* View */,
			);
			path = Core;
			sourceTree = "<group>";
		};
		E5ED16852B4D3BB600B90957 /* View */ = {
			isa = PBXGroup;
			children = (
				E5ED16722B4D38BD00B90957 /* ContentView.swift */,
			);
			path = View;
			sourceTree = "<group>";
		};
		E5ED16862B4D3BBC00B90957 /* ViewModel */ = {
			isa = PBXGroup;
			children = (
				E5ED16802B4D392B00B90957 /* ContentViewModel.swift */,
			);
			path = ViewModel;
			sourceTree = "<group>";
		};
		E5ED16872B4D3BCD00B90957 /* Model */ = {
			isa = PBXGroup;
			children = (
				E5ED16932B4D4FF400B90957 /* ListProtocol.swift */,
				E5ED16882B4D3BE700B90957 /* SquareModel.swift */,
				E5ED16952B4D502A00B90957 /* MuncipilityModel.swift */,
			);
			path = Model;
			sourceTree = "<group>";
		};
		E5ED168B2B4D44CB00B90957 /* Service */ = {
			isa = PBXGroup;
			children = (
				E5ED168C2B4D44DD00B90957 /* ContentDataService.swift */,
			);
			path = Service;
			sourceTree = "<group>";
		};
		E5ED168E2B4D477400B90957 /* List */ = {
			isa = PBXGroup;
			children = (
				E5ED16902B4D478400B90957 /* ModelView */,
				E5ED168F2B4D477F00B90957 /* View */,
			);
			path = List;
			sourceTree = "<group>";
		};
		E5ED168F2B4D477F00B90957 /* View */ = {
			isa = PBXGroup;
			children = (
				E5ED16912B4D479300B90957 /* ListView.swift */,
			);
			path = View;
			sourceTree = "<group>";
		};
		E5ED16902B4D478400B90957 /* ModelView */ = {
			isa = PBXGroup;
			children = (
			);
			path = ModelView;
			sourceTree = "<group>";
		};
/* End PBXGroup section */

/* Begin PBXNativeTarget section */
		E5ED166C2B4D38BD00B90957 /* TempManageListSelection */ = {
			isa = PBXNativeTarget;
			buildConfigurationList = E5ED167B2B4D38BF00B90957 /* Build configuration list for PBXNativeTarget "TempManageListSelection" */;
			buildPhases = (
				E5ED16692B4D38BD00B90957 /* Sources */,
				E5ED166A2B4D38BD00B90957 /* Frameworks */,
				E5ED166B2B4D38BD00B90957 /* Resources */,
			);
			buildRules = (
			);
			dependencies = (
			);
			name = TempManageListSelection;
			productName = TempManageListSelection;
			productReference = E5ED166D2B4D38BD00B90957 /* TempManageListSelection.app */;
			productType = "com.apple.product-type.application";
		};
/* End PBXNativeTarget section */

/* Begin PBXProject section */
		E5ED16652B4D38BD00B90957 /* Project object */ = {
			isa = PBXProject;
			attributes = {
				BuildIndependentTargetsInParallel = 1;
				LastSwiftUpdateCheck = 1510;
				LastUpgradeCheck = 1510;
				TargetAttributes = {
					E5ED166C2B4D38BD00B90957 = {
						CreatedOnToolsVersion = 15.1;
					};
				};
			};
			buildConfigurationList = E5ED16682B4D38BD00B90957 /* Build configuration list for PBXProject "TempManageListSelection" */;
			compatibilityVersion = "Xcode 14.0";
			developmentRegion = en;
			hasScannedForEncodings = 0;
			knownRegions = (
				en,
				Base,
			);
			mainGroup = E5ED16642B4D38BD00B90957;
			productRefGroup = E5ED166E2B4D38BD00B90957 /* Products */;
			projectDirPath = "";
			projectRoot = "";
			targets = (
				E5ED166C2B4D38BD00B90957 /* TempManageListSelection */,
			);
		};
/* End PBXProject section */

/* Begin PBXResourcesBuildPhase section */
		E5ED166B2B4D38BD00B90957 /* Resources */ = {
			isa = PBXResourcesBuildPhase;
			buildActionMask = 2147483647;
			files = (
				E5ED16782B4D38BF00B90957 /* Preview Assets.xcassets in Resources */,
				E5ED16752B4D38BF00B90957 /* Assets.xcassets in Resources */,
			);
			runOnlyForDeploymentPostprocessing = 0;
		};
/* End PBXResourcesBuildPhase section */

/* Begin PBXSourcesBuildPhase section */
		E5ED16692B4D38BD00B90957 /* Sources */ = {
			isa = PBXSourcesBuildPhase;
			buildActionMask = 2147483647;
			files = (
				E5ED16942B4D4FF400B90957 /* ListProtocol.swift in Sources */,
				E5ED16962B4D502A00B90957 /* MuncipilityModel.swift in Sources */,
				E5ED16922B4D479300B90957 /* ListView.swift in Sources */,
				E5ED16812B4D392B00B90957 /* ContentViewModel.swift in Sources */,
				E5ED167F2B4D390400B90957 /* NetworkingManager.swift in Sources */,
				E5ED168D2B4D44DD00B90957 /* ContentDataService.swift in Sources */,
				E5ED16732B4D38BD00B90957 /* ContentView.swift in Sources */,
				E5ED16832B4D3A3700B90957 /* EXView.swift in Sources */,
				E5ED16712B4D38BD00B90957 /* TempManageListSelectionApp.swift in Sources */,
				E5ED16892B4D3BE700B90957 /* SquareModel.swift in Sources */,
			);
			runOnlyForDeploymentPostprocessing = 0;
		};
/* End PBXSourcesBuildPhase section */

/* Begin XCBuildConfiguration section */
		E5ED16792B4D38BF00B90957 /* Debug */ = {
			isa = XCBuildConfiguration;
			buildSettings = {
				ALWAYS_SEARCH_USER_PATHS = NO;
				ASSETCATALOG_COMPILER_GENERATE_SWIFT_ASSET_SYMBOL_EXTENSIONS = YES;
				CLANG_ANALYZER_NONNULL = YES;
				CLANG_ANALYZER_NUMBER_OBJECT_CONVERSION = YES_AGGRESSIVE;
				CLANG_CXX_LANGUAGE_STANDARD = "gnu++20";
				CLANG_ENABLE_MODULES = YES;
				CLANG_ENABLE_OBJC_ARC = YES;
				CLANG_ENABLE_OBJC_WEAK = YES;
				CLANG_WARN_BLOCK_CAPTURE_AUTORELEASING = YES;
				CLANG_WARN_BOOL_CONVERSION = YES;
				CLANG_WARN_COMMA = YES;
				CLANG_WARN_CONSTANT_CONVERSION = YES;
				CLANG_WARN_DEPRECATED_OBJC_IMPLEMENTATIONS = YES;
				CLANG_WARN_DIRECT_OBJC_ISA_USAGE = YES_ERROR;
				CLANG_WARN_DOCUMENTATION_COMMENTS = YES;
				CLANG_WARN_EMPTY_BODY = YES;
				CLANG_WARN_ENUM_CONVERSION = YES;
				CLANG_WARN_INFINITE_RECURSION = YES;
				CLANG_WARN_INT_CONVERSION = YES;
				CLANG_WARN_NON_LITERAL_NULL_CONVERSION = YES;
				CLANG_WARN_OBJC_IMPLICIT_RETAIN_SELF = YES;
				CLANG_WARN_OBJC_LITERAL_CONVERSION = YES;
				CLANG_WARN_OBJC_ROOT_CLASS = YES_ERROR;
				CLANG_WARN_QUOTED_INCLUDE_IN_FRAMEWORK_HEADER = YES;
				CLANG_WARN_RANGE_LOOP_ANALYSIS = YES;
				CLANG_WARN_STRICT_PROTOTYPES = YES;
				CLANG_WARN_SUSPICIOUS_MOVE = YES;
				CLANG_WARN_UNGUARDED_AVAILABILITY = YES_AGGRESSIVE;
				CLANG_WARN_UNREACHABLE_CODE = YES;
				CLANG_WARN__DUPLICATE_METHOD_MATCH = YES;
				COPY_PHASE_STRIP = NO;
				DEBUG_INFORMATION_FORMAT = dwarf;
				ENABLE_STRICT_OBJC_MSGSEND = YES;
				ENABLE_TESTABILITY = YES;
				ENABLE_USER_SCRIPT_SANDBOXING = YES;
				GCC_C_LANGUAGE_STANDARD = gnu17;
				GCC_DYNAMIC_NO_PIC = NO;
				GCC_NO_COMMON_BLOCKS = YES;
				GCC_OPTIMIZATION_LEVEL = 0;
				GCC_PREPROCESSOR_DEFINITIONS = (
					"DEBUG=1",
					"$(inherited)",
				);
				GCC_WARN_64_TO_32_BIT_CONVERSION = YES;
				GCC_WARN_ABOUT_RETURN_TYPE = YES_ERROR;
				GCC_WARN_UNDECLARED_SELECTOR = YES;
				GCC_WARN_UNINITIALIZED_AUTOS = YES_AGGRESSIVE;
				GCC_WARN_UNUSED_FUNCTION = YES;
				GCC_WARN_UNUSED_VARIABLE = YES;
				IPHONEOS_DEPLOYMENT_TARGET = 17.2;
				LOCALIZATION_PREFERS_STRING_CATALOGS = YES;
				MTL_ENABLE_DEBUG_INFO = INCLUDE_SOURCE;
				MTL_FAST_MATH = YES;
				ONLY_ACTIVE_ARCH = YES;
				SDKROOT = iphoneos;
				SWIFT_ACTIVE_COMPILATION_CONDITIONS = "DEBUG $(inherited)";
				SWIFT_OPTIMIZATION_LEVEL = "-Onone";
			};
			name = Debug;
		};
		E5ED167A2B4D38BF00B90957 /* Release */ = {
			isa = XCBuildConfiguration;
			buildSettings = {
				ALWAYS_SEARCH_USER_PATHS = NO;
				ASSETCATALOG_COMPILER_GENERATE_SWIFT_ASSET_SYMBOL_EXTENSIONS = YES;
				CLANG_ANALYZER_NONNULL = YES;
				CLANG_ANALYZER_NUMBER_OBJECT_CONVERSION = YES_AGGRESSIVE;
				CLANG_CXX_LANGUAGE_STANDARD = "gnu++20";
				CLANG_ENABLE_MODULES = YES;
				CLANG_ENABLE_OBJC_ARC = YES;
				CLANG_ENABLE_OBJC_WEAK = YES;
				CLANG_WARN_BLOCK_CAPTURE_AUTORELEASING = YES;
				CLANG_WARN_BOOL_CONVERSION = YES;
				CLANG_WARN_COMMA = YES;
				CLANG_WARN_CONSTANT_CONVERSION = YES;
				CLANG_WARN_DEPRECATED_OBJC_IMPLEMENTATIONS = YES;
				CLANG_WARN_DIRECT_OBJC_ISA_USAGE = YES_ERROR;
				CLANG_WARN_DOCUMENTATION_COMMENTS = YES;
				CLANG_WARN_EMPTY_BODY = YES;
				CLANG_WARN_ENUM_CONVERSION = YES;
				CLANG_WARN_INFINITE_RECURSION = YES;
				CLANG_WARN_INT_CONVERSION = YES;
				CLANG_WARN_NON_LITERAL_NULL_CONVERSION = YES;
				CLANG_WARN_OBJC_IMPLICIT_RETAIN_SELF = YES;
				CLANG_WARN_OBJC_LITERAL_CONVERSION = YES;
				CLANG_WARN_OBJC_ROOT_CLASS = YES_ERROR;
				CLANG_WARN_QUOTED_INCLUDE_IN_FRAMEWORK_HEADER = YES;
				CLANG_WARN_RANGE_LOOP_ANALYSIS = YES;
				CLANG_WARN_STRICT_PROTOTYPES = YES;
				CLANG_WARN_SUSPICIOUS_MOVE = YES;
				CLANG_WARN_UNGUARDED_AVAILABILITY = YES_AGGRESSIVE;
				CLANG_WARN_UNREACHABLE_CODE = YES;
				CLANG_WARN__DUPLICATE_METHOD_MATCH = YES;
				COPY_PHASE_STRIP = NO;
				DEBUG_INFORMATION_FORMAT = "dwarf-with-dsym";
				ENABLE_NS_ASSERTIONS = NO;
				ENABLE_STRICT_OBJC_MSGSEND = YES;
				ENABLE_USER_SCRIPT_SANDBOXING = YES;
				GCC_C_LANGUAGE_STANDARD = gnu17;
				GCC_NO_COMMON_BLOCKS = YES;
				GCC_WARN_64_TO_32_BIT_CONVERSION = YES;
				GCC_WARN_ABOUT_RETURN_TYPE = YES_ERROR;
				GCC_WARN_UNDECLARED_SELECTOR = YES;
				GCC_WARN_UNINITIALIZED_AUTOS = YES_AGGRESSIVE;
				GCC_WARN_UNUSED_FUNCTION = YES;
				GCC_WARN_UNUSED_VARIABLE = YES;
				IPHONEOS_DEPLOYMENT_TARGET = 17.2;
				LOCALIZATION_PREFERS_STRING_CATALOGS = YES;
				MTL_ENABLE_DEBUG_INFO = NO;
				MTL_FAST_MATH = YES;
				SDKROOT = iphoneos;
				SWIFT_COMPILATION_MODE = wholemodule;
				VALIDATE_PRODUCT = YES;
			};
			name = Release;
		};
		E5ED167C2B4D38BF00B90957 /* Debug */ = {
			isa = XCBuildConfiguration;
			buildSettings = {
				ASSETCATALOG_COMPILER_APPICON_NAME = AppIcon;
				ASSETCATALOG_COMPILER_GLOBAL_ACCENT_COLOR_NAME = AccentColor;
				CODE_SIGN_STYLE = Automatic;
				CURRENT_PROJECT_VERSION = 1;
				DEVELOPMENT_ASSET_PATHS = "\"TempManageListSelection/Preview Content\"";
				DEVELOPMENT_TEAM = KABB87L4MC;
				ENABLE_PREVIEWS = YES;
				GENERATE_INFOPLIST_FILE = YES;
				INFOPLIST_KEY_UIApplicationSceneManifest_Generation = YES;
				INFOPLIST_KEY_UIApplicationSupportsIndirectInputEvents = YES;
				INFOPLIST_KEY_UILaunchScreen_Generation = YES;
				INFOPLIST_KEY_UISupportedInterfaceOrientations_iPad = "UIInterfaceOrientationPortrait UIInterfaceOrientationPortraitUpsideDown UIInterfaceOrientationLandscapeLeft UIInterfaceOrientationLandscapeRight";
				INFOPLIST_KEY_UISupportedInterfaceOrientations_iPhone = "UIInterfaceOrientationPortrait UIInterfaceOrientationLandscapeLeft UIInterfaceOrientationLandscapeRight";
				LD_RUNPATH_SEARCH_PATHS = (
					"$(inherited)",
					"@executable_path/Frameworks",
				);
				MARKETING_VERSION = 1.0;
				PRODUCT_BUNDLE_IDENTIFIER = com.iHasa.TempManageListSelection;
				PRODUCT_NAME = "$(TARGET_NAME)";
				SWIFT_EMIT_LOC_STRINGS = YES;
				SWIFT_VERSION = 5.0;
				TARGETED_DEVICE_FAMILY = "1,2";
			};
			name = Debug;
		};
		E5ED167D2B4D38BF00B90957 /* Release */ = {
			isa = XCBuildConfiguration;
			buildSettings = {
				ASSETCATALOG_COMPILER_APPICON_NAME = AppIcon;
				ASSETCATALOG_COMPILER_GLOBAL_ACCENT_COLOR_NAME = AccentColor;
				CODE_SIGN_STYLE = Automatic;
				CURRENT_PROJECT_VERSION = 1;
				DEVELOPMENT_ASSET_PATHS = "\"TempManageListSelection/Preview Content\"";
				DEVELOPMENT_TEAM = KABB87L4MC;
				ENABLE_PREVIEWS = YES;
				GENERATE_INFOPLIST_FILE = YES;
				INFOPLIST_KEY_UIApplicationSceneManifest_Generation = YES;
				INFOPLIST_KEY_UIApplicationSupportsIndirectInputEvents = YES;
				INFOPLIST_KEY_UILaunchScreen_Generation = YES;
				INFOPLIST_KEY_UISupportedInterfaceOrientations_iPad = "UIInterfaceOrientationPortrait UIInterfaceOrientationPortraitUpsideDown UIInterfaceOrientationLandscapeLeft UIInterfaceOrientationLandscapeRight";
				INFOPLIST_KEY_UISupportedInterfaceOrientations_iPhone = "UIInterfaceOrientationPortrait UIInterfaceOrientationLandscapeLeft UIInterfaceOrientationLandscapeRight";
				LD_RUNPATH_SEARCH_PATHS = (
					"$(inherited)",
					"@executable_path/Frameworks",
				);
				MARKETING_VERSION = 1.0;
				PRODUCT_BUNDLE_IDENTIFIER = com.iHasa.TempManageListSelection;
				PRODUCT_NAME = "$(TARGET_NAME)";
				SWIFT_EMIT_LOC_STRINGS = YES;
				SWIFT_VERSION = 5.0;
				TARGETED_DEVICE_FAMILY = "1,2";
			};
			name = Release;
		};
/* End XCBuildConfiguration section */

/* Begin XCConfigurationList section */
		E5ED16682B4D38BD00B90957 /* Build configuration list for PBXProject "TempManageListSelection" */ = {
			isa = XCConfigurationList;
			buildConfigurations = (
				E5ED16792B4D38BF00B90957 /* Debug */,
				E5ED167A2B4D38BF00B90957 /* Release */,
			);
			defaultConfigurationIsVisible = 0;
			defaultConfigurationName = Release;
		};
		E5ED167B2B4D38BF00B90957 /* Build configuration list for PBXNativeTarget "TempManageListSelection" */ = {
			isa = XCConfigurationList;
			buildConfigurations = (
				E5ED167C2B4D38BF00B90957 /* Debug */,
				E5ED167D2B4D38BF00B90957 /* Release */,
			);
			defaultConfigurationIsVisible = 0;
			defaultConfigurationName = Release;
		};
/* End XCConfigurationList section */
	};
	rootObject = E5ED16652B4D38BD00B90957 /* Project object */;
}
